// !$*UTF8*$!
{
	archiveVersion = 1;
	classes = {
	};
	objectVersion = 46;
	objects = {

/* Begin PBXBuildFile section */
		D07D394213722CF2002A808A /* MapKit.framework in Frameworks */ = {isa = PBXBuildFile; fileRef = D07D394113722CF1002A808A /* MapKit.framework */; };
		D07D394613723225002A808A /* MyAnnotation.m in Sources */ = {isa = PBXBuildFile; fileRef = D07D394513723225002A808A /* MyAnnotation.m */; };
		D09EAA8A1370DCC80052678B /* UIKit.framework in Frameworks */ = {isa = PBXBuildFile; fileRef = D09EAA891370DCC80052678B /* UIKit.framework */; };
		D09EAA8C1370DCC80052678B /* Foundation.framework in Frameworks */ = {isa = PBXBuildFile; fileRef = D09EAA8B1370DCC80052678B /* Foundation.framework */; };
		D09EAA8E1370DCC80052678B /* CoreGraphics.framework in Frameworks */ = {isa = PBXBuildFile; fileRef = D09EAA8D1370DCC80052678B /* CoreGraphics.framework */; };
		D09EAA941370DCC80052678B /* InfoPlist.strings in Resources */ = {isa = PBXBuildFile; fileRef = D09EAA921370DCC80052678B /* InfoPlist.strings */; };
		D09EAA971370DCC80052678B /* main.m in Sources */ = {isa = PBXBuildFile; fileRef = D09EAA961370DCC80052678B /* main.m */; };
		D09EAA9A1370DCC80052678B /* Location_TestingAppDelegate.m in Sources */ = {isa = PBXBuildFile; fileRef = D09EAA991370DCC80052678B /* Location_TestingAppDelegate.m */; };
		D09EAA9D1370DCC80052678B /* MainWindow.xib in Resources */ = {isa = PBXBuildFile; fileRef = D09EAA9B1370DCC80052678B /* MainWindow.xib */; };
		D09EAAA01370DCC80052678B /* Location_TestingViewController.m in Sources */ = {isa = PBXBuildFile; fileRef = D09EAA9F1370DCC80052678B /* Location_TestingViewController.m */; };
		D09EAAA31370DCC80052678B /* Location_TestingViewController.xib in Resources */ = {isa = PBXBuildFile; fileRef = D09EAAA11370DCC80052678B /* Location_TestingViewController.xib */; };
		D09EAAAA1370DCC80052678B /* UIKit.framework in Frameworks */ = {isa = PBXBuildFile; fileRef = D09EAA891370DCC80052678B /* UIKit.framework */; };
		D09EAAAB1370DCC80052678B /* Foundation.framework in Frameworks */ = {isa = PBXBuildFile; fileRef = D09EAA8B1370DCC80052678B /* Foundation.framework */; };
		D09EAAAC1370DCC80052678B /* CoreGraphics.framework in Frameworks */ = {isa = PBXBuildFile; fileRef = D09EAA8D1370DCC80052678B /* CoreGraphics.framework */; };
		D09EAAB41370DCC80052678B /* InfoPlist.strings in Resources */ = {isa = PBXBuildFile; fileRef = D09EAAB21370DCC80052678B /* InfoPlist.strings */; };
		D09EAAB71370DCC80052678B /* Location_TestingTests.h in Resources */ = {isa = PBXBuildFile; fileRef = D09EAAB61370DCC80052678B /* Location_TestingTests.h */; };
		D09EAAB91370DCC80052678B /* Location_TestingTests.m in Sources */ = {isa = PBXBuildFile; fileRef = D09EAAB81370DCC80052678B /* Location_TestingTests.m */; };
		D09EAAC31370DF6F0052678B /* CoreLocation.framework in Frameworks */ = {isa = PBXBuildFile; fileRef = D09EAAC21370DF6F0052678B /* CoreLocation.framework */; };
/* End PBXBuildFile section */

/* Begin PBXContainerItemProxy section */
		D09EAAAD1370DCC80052678B /* PBXContainerItemProxy */ = {
			isa = PBXContainerItemProxy;
			containerPortal = D09EAA7C1370DCC80052678B /* Project object */;
			proxyType = 1;
			remoteGlobalIDString = D09EAA841370DCC80052678B;
			remoteInfo = "Location Testing";
		};
/* End PBXContainerItemProxy section */

/* Begin PBXFileReference section */
		D07D394113722CF1002A808A /* MapKit.framework */ = {isa = PBXFileReference; lastKnownFileType = wrapper.framework; name = MapKit.framework; path = System/Library/Frameworks/MapKit.framework; sourceTree = SDKROOT; };
		D07D394413723225002A808A /* MyAnnotation.h */ = {isa = PBXFileReference; fileEncoding = 4; lastKnownFileType = sourcecode.c.h; path = MyAnnotation.h; sourceTree = "<group>"; };
		D07D394513723225002A808A /* MyAnnotation.m */ = {isa = PBXFileReference; fileEncoding = 4; lastKnownFileType = sourcecode.c.objc; path = MyAnnotation.m; sourceTree = "<group>"; };
		D09EAA851370DCC80052678B /* Location Testing.app */ = {isa = PBXFileReference; explicitFileType = wrapper.application; includeInIndex = 0; path = "Location Testing.app"; sourceTree = BUILT_PRODUCTS_DIR; };
		D09EAA891370DCC80052678B /* UIKit.framework */ = {isa = PBXFileReference; lastKnownFileType = wrapper.framework; name = UIKit.framework; path = System/Library/Frameworks/UIKit.framework; sourceTree = SDKROOT; };
		D09EAA8B1370DCC80052678B /* Foundation.framework */ = {isa = PBXFileReference; lastKnownFileType = wrapper.framework; name = Foundation.framework; path = System/Library/Frameworks/Foundation.framework; sourceTree = SDKROOT; };
		D09EAA8D1370DCC80052678B /* CoreGraphics.framework */ = {isa = PBXFileReference; lastKnownFileType = wrapper.framework; name = CoreGraphics.framework; path = System/Library/Frameworks/CoreGraphics.framework; sourceTree = SDKROOT; };
		D09EAA911370DCC80052678B /* Location Testing-Info.plist */ = {isa = PBXFileReference; lastKnownFileType = text.plist.xml; path = "Location Testing-Info.plist"; sourceTree = "<group>"; };
		D09EAA931370DCC80052678B /* en */ = {isa = PBXFileReference; lastKnownFileType = text.plist.strings; name = en; path = en.lproj/InfoPlist.strings; sourceTree = "<group>"; };
		D09EAA951370DCC80052678B /* Location Testing-Prefix.pch */ = {isa = PBXFileReference; lastKnownFileType = sourcecode.c.h; path = "Location Testing-Prefix.pch"; sourceTree = "<group>"; };
		D09EAA961370DCC80052678B /* main.m */ = {isa = PBXFileReference; lastKnownFileType = sourcecode.c.objc; path = main.m; sourceTree = "<group>"; };
		D09EAA981370DCC80052678B /* Location_TestingAppDelegate.h */ = {isa = PBXFileReference; lastKnownFileType = sourcecode.c.h; path = Location_TestingAppDelegate.h; sourceTree = "<group>"; };
		D09EAA991370DCC80052678B /* Location_TestingAppDelegate.m */ = {isa = PBXFileReference; lastKnownFileType = sourcecode.c.objc; path = Location_TestingAppDelegate.m; sourceTree = "<group>"; };
		D09EAA9C1370DCC80052678B /* en */ = {isa = PBXFileReference; lastKnownFileType = file.xib; name = en; path = en.lproj/MainWindow.xib; sourceTree = "<group>"; };
		D09EAA9E1370DCC80052678B /* Location_TestingViewController.h */ = {isa = PBXFileReference; lastKnownFileType = sourcecode.c.h; path = Location_TestingViewController.h; sourceTree = "<group>"; };
		D09EAA9F1370DCC80052678B /* Location_TestingViewController.m */ = {isa = PBXFileReference; lastKnownFileType = sourcecode.c.objc; path = Location_TestingViewController.m; sourceTree = "<group>"; };
		D09EAAA21370DCC80052678B /* en */ = {isa = PBXFileReference; lastKnownFileType = file.xib; name = en; path = en.lproj/Location_TestingViewController.xib; sourceTree = "<group>"; };
		D09EAAA91370DCC80052678B /* Location TestingTests.octest */ = {isa = PBXFileReference; explicitFileType = wrapper.cfbundle; includeInIndex = 0; path = "Location TestingTests.octest"; sourceTree = BUILT_PRODUCTS_DIR; };
		D09EAAB11370DCC80052678B /* Location TestingTests-Info.plist */ = {isa = PBXFileReference; lastKnownFileType = text.plist.xml; path = "Location TestingTests-Info.plist"; sourceTree = "<group>"; };
		D09EAAB31370DCC80052678B /* en */ = {isa = PBXFileReference; lastKnownFileType = text.plist.strings; name = en; path = en.lproj/InfoPlist.strings; sourceTree = "<group>"; };
		D09EAAB51370DCC80052678B /* Location TestingTests-Prefix.pch */ = {isa = PBXFileReference; lastKnownFileType = sourcecode.c.h; path = "Location TestingTests-Prefix.pch"; sourceTree = "<group>"; };
		D09EAAB61370DCC80052678B /* Location_TestingTests.h */ = {isa = PBXFileReference; lastKnownFileType = sourcecode.c.h; path = Location_TestingTests.h; sourceTree = "<group>"; };
		D09EAAB81370DCC80052678B /* Location_TestingTests.m */ = {isa = PBXFileReference; lastKnownFileType = sourcecode.c.objc; path = Location_TestingTests.m; sourceTree = "<group>"; };
		D09EAAC21370DF6F0052678B /* CoreLocation.framework */ = {isa = PBXFileReference; lastKnownFileType = wrapper.framework; name = CoreLocation.framework; path = System/Library/Frameworks/CoreLocation.framework; sourceTree = SDKROOT; };
/* End PBXFileReference section */

/* Begin PBXFrameworksBuildPhase section */
		D09EAA821370DCC80052678B /* Frameworks */ = {
			isa = PBXFrameworksBuildPhase;
			buildActionMask = 2147483647;
			files = (
				D07D394213722CF2002A808A /* MapKit.framework in Frameworks */,
				D09EAAC31370DF6F0052678B /* CoreLocation.framework in Frameworks */,
				D09EAA8A1370DCC80052678B /* UIKit.framework in Frameworks */,
				D09EAA8C1370DCC80052678B /* Foundation.framework in Frameworks */,
				D09EAA8E1370DCC80052678B /* CoreGraphics.framework in Frameworks */,
			);
			runOnlyForDeploymentPostprocessing = 0;
		};
		D09EAAA51370DCC80052678B /* Frameworks */ = {
			isa = PBXFrameworksBuildPhase;
			buildActionMask = 2147483647;
			files = (
				D09EAAAA1370DCC80052678B /* UIKit.framework in Frameworks */,
				D09EAAAB1370DCC80052678B /* Foundation.framework in Frameworks */,
				D09EAAAC1370DCC80052678B /* CoreGraphics.framework in Frameworks */,
			);
			runOnlyForDeploymentPostprocessing = 0;
		};
/* End PBXFrameworksBuildPhase section */

/* Begin PBXGroup section */
		D09EAA7A1370DCC80052678B = {
			isa = PBXGroup;
			children = (
				D09EAA8F1370DCC80052678B /* Location Testing */,
				D09EAAAF1370DCC80052678B /* Location TestingTests */,
				D09EAA881370DCC80052678B /* Frameworks */,
				D09EAA861370DCC80052678B /* Products */,
			);
			sourceTree = "<group>";
		};
		D09EAA861370DCC80052678B /* Products */ = {
			isa = PBXGroup;
			children = (
				D09EAA851370DCC80052678B /* Location Testing.app */,
				D09EAAA91370DCC80052678B /* Location TestingTests.octest */,
			);
			name = Products;
			sourceTree = "<group>";
		};
		D09EAA881370DCC80052678B /* Frameworks */ = {
			isa = PBXGroup;
			children = (
				D07D394113722CF1002A808A /* MapKit.framework */,
				D09EAAC21370DF6F0052678B /* CoreLocation.framework */,
				D09EAA891370DCC80052678B /* UIKit.framework */,
				D09EAA8B1370DCC80052678B /* Foundation.framework */,
				D09EAA8D1370DCC80052678B /* CoreGraphics.framework */,
			);
			name = Frameworks;
			sourceTree = "<group>";
		};
		D09EAA8F1370DCC80052678B /* Location Testing */ = {
			isa = PBXGroup;
			children = (
				D09EAA981370DCC80052678B /* Location_TestingAppDelegate.h */,
				D09EAA991370DCC80052678B /* Location_TestingAppDelegate.m */,
				D09EAA9B1370DCC80052678B /* MainWindow.xib */,
				D09EAA9E1370DCC80052678B /* Location_TestingViewController.h */,
				D09EAA9F1370DCC80052678B /* Location_TestingViewController.m */,
				D09EAAA11370DCC80052678B /* Location_TestingViewController.xib */,
				D09EAA901370DCC80052678B /* Supporting Files */,
				D07D394413723225002A808A /* MyAnnotation.h */,
				D07D394513723225002A808A /* MyAnnotation.m */,
			);
			path = "Location Testing";
			sourceTree = "<group>";
		};
		D09EAA901370DCC80052678B /* Supporting Files */ = {
			isa = PBXGroup;
			children = (
				D09EAA911370DCC80052678B /* Location Testing-Info.plist */,
				D09EAA921370DCC80052678B /* InfoPlist.strings */,
				D09EAA951370DCC80052678B /* Location Testing-Prefix.pch */,
				D09EAA961370DCC80052678B /* main.m */,
			);
			name = "Supporting Files";
			sourceTree = "<group>";
		};
		D09EAAAF1370DCC80052678B /* Location TestingTests */ = {
			isa = PBXGroup;
			children = (
				D09EAAB61370DCC80052678B /* Location_TestingTests.h */,
				D09EAAB81370DCC80052678B /* Location_TestingTests.m */,
				D09EAAB01370DCC80052678B /* Supporting Files */,
			);
			path = "Location TestingTests";
			sourceTree = "<group>";
		};
		D09EAAB01370DCC80052678B /* Supporting Files */ = {
			isa = PBXGroup;
			children = (
				D09EAAB11370DCC80052678B /* Location TestingTests-Info.plist */,
				D09EAAB21370DCC80052678B /* InfoPlist.strings */,
				D09EAAB51370DCC80052678B /* Location TestingTests-Prefix.pch */,
			);
			name = "Supporting Files";
			sourceTree = "<group>";
		};
/* End PBXGroup section */

/* Begin PBXNativeTarget section */
		D09EAA841370DCC80052678B /* Location Testing */ = {
			isa = PBXNativeTarget;
			buildConfigurationList = D09EAABC1370DCC80052678B /* Build configuration list for PBXNativeTarget "Location Testing" */;
			buildPhases = (
				D09EAA811370DCC80052678B /* Sources */,
				D09EAA821370DCC80052678B /* Frameworks */,
				D09EAA831370DCC80052678B /* Resources */,
			);
			buildRules = (
			);
			dependencies = (
			);
			name = "Location Testing";
			productName = "Location Testing";
			productReference = D09EAA851370DCC80052678B /* Location Testing.app */;
			productType = "com.apple.product-type.application";
		};
		D09EAAA81370DCC80052678B /* Location TestingTests */ = {
			isa = PBXNativeTarget;
			buildConfigurationList = D09EAABF1370DCC80052678B /* Build configuration list for PBXNativeTarget "Location TestingTests" */;
			buildPhases = (
				D09EAAA41370DCC80052678B /* Sources */,
				D09EAAA51370DCC80052678B /* Frameworks */,
				D09EAAA61370DCC80052678B /* Resources */,
				D09EAAA71370DCC80052678B /* ShellScript */,
			);
			buildRules = (
			);
			dependencies = (
				D09EAAAE1370DCC80052678B /* PBXTargetDependency */,
			);
			name = "Location TestingTests";
			productName = "Location TestingTests";
			productReference = D09EAAA91370DCC80052678B /* Location TestingTests.octest */;
			productType = "com.apple.product-type.bundle";
		};
/* End PBXNativeTarget section */

/* Begin PBXProject section */
		D09EAA7C1370DCC80052678B /* Project object */ = {
			isa = PBXProject;
			attributes = {
				ORGANIZATIONNAME = HealthMEDX;
			};
			buildConfigurationList = D09EAA7F1370DCC80052678B /* Build configuration list for PBXProject "Location Testing" */;
			compatibilityVersion = "Xcode 3.2";
			developmentRegion = English;
			hasScannedForEncodings = 0;
			knownRegions = (
				en,
			);
			mainGroup = D09EAA7A1370DCC80052678B;
			productRefGroup = D09EAA861370DCC80052678B /* Products */;
			projectDirPath = "";
			projectRoot = "";
			targets = (
				D09EAA841370DCC80052678B /* Location Testing */,
				D09EAAA81370DCC80052678B /* Location TestingTests */,
			);
		};
/* End PBXProject section */

/* Begin PBXResourcesBuildPhase section */
		D09EAA831370DCC80052678B /* Resources */ = {
			isa = PBXResourcesBuildPhase;
			buildActionMask = 2147483647;
			files = (
				D09EAA941370DCC80052678B /* InfoPlist.strings in Resources */,
				D09EAA9D1370DCC80052678B /* MainWindow.xib in Resources */,
				D09EAAA31370DCC80052678B /* Location_TestingViewController.xib in Resources */,
			);
			runOnlyForDeploymentPostprocessing = 0;
		};
		D09EAAA61370DCC80052678B /* Resources */ = {
			isa = PBXResourcesBuildPhase;
			buildActionMask = 2147483647;
			files = (
				D09EAAB41370DCC80052678B /* InfoPlist.strings in Resources */,
				D09EAAB71370DCC80052678B /* Location_TestingTests.h in Resources */,
			);
			runOnlyForDeploymentPostprocessing = 0;
		};
/* End PBXResourcesBuildPhase section */

/* Begin PBXShellScriptBuildPhase section */
		D09EAAA71370DCC80052678B /* ShellScript */ = {
			isa = PBXShellScriptBuildPhase;
			buildActionMask = 2147483647;
			files = (
			);
			inputPaths = (
			);
			outputPaths = (
			);
			runOnlyForDeploymentPostprocessing = 0;
			shellPath = /bin/sh;
			shellScript = "# Run the unit tests in this test bundle.\n\"${SYSTEM_DEVELOPER_DIR}/Tools/RunUnitTests\"\n";
		};
/* End PBXShellScriptBuildPhase section */

/* Begin PBXSourcesBuildPhase section */
		D09EAA811370DCC80052678B /* Sources */ = {
			isa = PBXSourcesBuildPhase;
			buildActionMask = 2147483647;
			files = (
				D09EAA971370DCC80052678B /* main.m in Sources */,
				D09EAA9A1370DCC80052678B /* Location_TestingAppDelegate.m in Sources */,
				D09EAAA01370DCC80052678B /* Location_TestingViewController.m in Sources */,
				D07D394613723225002A808A /* MyAnnotation.m in Sources */,
			);
			runOnlyForDeploymentPostprocessing = 0;
		};
		D09EAAA41370DCC80052678B /* Sources */ = {
			isa = PBXSourcesBuildPhase;
			buildActionMask = 2147483647;
			files = (
				D09EAAB91370DCC80052678B /* Location_TestingTests.m in Sources */,
			);
			runOnlyForDeploymentPostprocessing = 0;
		};
/* End PBXSourcesBuildPhase section */

/* Begin PBXTargetDependency section */
		D09EAAAE1370DCC80052678B /* PBXTargetDependency */ = {
			isa = PBXTargetDependency;
			target = D09EAA841370DCC80052678B /* Location Testing */;
			targetProxy = D09EAAAD1370DCC80052678B /* PBXContainerItemProxy */;
		};
/* End PBXTargetDependency section */

/* Begin PBXVariantGroup section */
		D09EAA921370DCC80052678B /* InfoPlist.strings */ = {
			isa = PBXVariantGroup;
			children = (
				D09EAA931370DCC80052678B /* en */,
			);
			name = InfoPlist.strings;
			sourceTree = "<group>";
		};
		D09EAA9B1370DCC80052678B /* MainWindow.xib */ = {
			isa = PBXVariantGroup;
			children = (
				D09EAA9C1370DCC80052678B /* en */,
			);
			name = MainWindow.xib;
			sourceTree = "<group>";
		};
		D09EAAA11370DCC80052678B /* Location_TestingViewController.xib */ = {
			isa = PBXVariantGroup;
			children = (
				D09EAAA21370DCC80052678B /* en */,
			);
			name = Location_TestingViewController.xib;
			sourceTree = "<group>";
		};
		D09EAAB21370DCC80052678B /* InfoPlist.strings */ = {
			isa = PBXVariantGroup;
			children = (
				D09EAAB31370DCC80052678B /* en */,
			);
			name = InfoPlist.strings;
			sourceTree = "<group>";
		};
/* End PBXVariantGroup section */

/* Begin XCBuildConfiguration section */
		D09EAABA1370DCC80052678B /* Debug */ = {
			isa = XCBuildConfiguration;
			buildSettings = {
				ARCHS = "$(ARCHS_STANDARD_32_BIT)";
				"CODE_SIGN_IDENTITY[sdk=iphoneos*]" = "iPhone Developer";
				GCC_C_LANGUAGE_STANDARD = gnu99;
				GCC_OPTIMIZATION_LEVEL = 0;
				GCC_PREPROCESSOR_DEFINITIONS = DEBUG;
				GCC_SYMBOLS_PRIVATE_EXTERN = NO;
				GCC_VERSION = com.apple.compilers.llvmgcc42;
				GCC_WARN_ABOUT_RETURN_TYPE = YES;
				GCC_WARN_UNUSED_VARIABLE = YES;
				IPHONEOS_DEPLOYMENT_TARGET = 4.3;
				SDKROOT = iphoneos;
			};
			name = Debug;
		};
		D09EAABB1370DCC80052678B /* Release */ = {
			isa = XCBuildConfiguration;
			buildSettings = {
				ARCHS = "$(ARCHS_STANDARD_32_BIT)";
				"CODE_SIGN_IDENTITY[sdk=iphoneos*]" = "iPhone Developer";
				GCC_C_LANGUAGE_STANDARD = gnu99;
				GCC_VERSION = com.apple.compilers.llvmgcc42;
				GCC_WARN_ABOUT_RETURN_TYPE = YES;
				GCC_WARN_UNUSED_VARIABLE = YES;
				IPHONEOS_DEPLOYMENT_TARGET = 4.3;
				OTHER_CFLAGS = "-DNS_BLOCK_ASSERTIONS=1";
				SDKROOT = iphoneos;
			};
			name = Release;
		};
		D09EAABD1370DCC80052678B /* Debug */ = {
			isa = XCBuildConfiguration;
			buildSettings = {
				ALWAYS_SEARCH_USER_PATHS = NO;
				COPY_PHASE_STRIP = NO;
				GCC_DYNAMIC_NO_PIC = NO;
				GCC_PRECOMPILE_PREFIX_HEADER = YES;
				GCC_PREFIX_HEADER = "Location Testing/Location Testing-Prefix.pch";
				INFOPLIST_FILE = "Location Testing/Location Testing-Info.plist";
				IPHONEOS_DEPLOYMENT_TARGET = 4.3;
				PRODUCT_NAME = "$(TARGET_NAME)";
				WRAPPER_EXTENSION = app;
			};
			name = Debug;
		};
		D09EAABE1370DCC80052678B /* Release */ = {
			isa = XCBuildConfiguration;
			buildSettings = {
				ALWAYS_SEARCH_USER_PATHS = NO;
				COPY_PHASE_STRIP = YES;
				GCC_PRECOMPILE_PREFIX_HEADER = YES;
				GCC_PREFIX_HEADER = "Location Testing/Location Testing-Prefix.pch";
				INFOPLIST_FILE = "Location Testing/Location Testing-Info.plist";
				IPHONEOS_DEPLOYMENT_TARGET = 4.3;
				PRODUCT_NAME = "$(TARGET_NAME)";
				VALIDATE_PRODUCT = YES;
				WRAPPER_EXTENSION = app;
			};
			name = Release;
		};
		D09EAAC01370DCC80052678B /* Debug */ = {
			isa = XCBuildConfiguration;
			buildSettings = {
				ALWAYS_SEARCH_USER_PATHS = NO;
				BUNDLE_LOADER = "$(BUILT_PRODUCTS_DIR)/Location Testing.app/Location Testing";
				FRAMEWORK_SEARCH_PATHS = (
					"$(SDKROOT)/Developer/Library/Frameworks",
					"$(DEVELOPER_LIBRARY_DIR)/Frameworks",
				);
				GCC_PRECOMPILE_PREFIX_HEADER = YES;
				GCC_PREFIX_HEADER = "Location TestingTests/Location TestingTests-Prefix.pch";
				INFOPLIST_FILE = "Location TestingTests/Location TestingTests-Info.plist";
				OTHER_LDFLAGS = (
					"-framework",
					SenTestingKit,
				);
				PRODUCT_NAME = "$(TARGET_NAME)";
				TEST_HOST = "$(BUNDLE_LOADER)";
				WRAPPER_EXTENSION = octest;
			};
			name = Debug;
		};
		D09EAAC11370DCC80052678B /* Release */ = {
			isa = XCBuildConfiguration;
			buildSettings = {
				ALWAYS_SEARCH_USER_PATHS = NO;
				BUNDLE_LOADER = "$(BUILT_PRODUCTS_DIR)/Location Testing.app/Location Testing";
				FRAMEWORK_SEARCH_PATHS = (
					"$(SDKROOT)/Developer/Library/Frameworks",
					"$(DEVELOPER_LIBRARY_DIR)/Frameworks",
				);
				GCC_PRECOMPILE_PREFIX_HEADER = YES;
				GCC_PREFIX_HEADER = "Location TestingTests/Location TestingTests-Prefix.pch";
				INFOPLIST_FILE = "Location TestingTests/Location TestingTests-Info.plist";
				OTHER_LDFLAGS = (
					"-framework",
					SenTestingKit,
				);
				PRODUCT_NAME = "$(TARGET_NAME)";
				TEST_HOST = "$(BUNDLE_LOADER)";
				WRAPPER_EXTENSION = octest;
			};
			name = Release;
		};
/* End XCBuildConfiguration section */

/* Begin XCConfigurationList section */
		D09EAA7F1370DCC80052678B /* Build configuration list for PBXProject "Location Testing" */ = {
			isa = XCConfigurationList;
			buildConfigurations = (
				D09EAABA1370DCC80052678B /* Debug */,
				D09EAABB1370DCC80052678B /* Release */,
			);
			defaultConfigurationIsVisible = 0;
			defaultConfigurationName = Release;
		};
		D09EAABC1370DCC80052678B /* Build configuration list for PBXNativeTarget "Location Testing" */ = {
			isa = XCConfigurationList;
			buildConfigurations = (
				D09EAABD1370DCC80052678B /* Debug */,
				D09EAABE1370DCC80052678B /* Release */,
			);
			defaultConfigurationIsVisible = 0;
			defaultConfigurationName = Release;
		};
		D09EAABF1370DCC80052678B /* Build configuration list for PBXNativeTarget "Location TestingTests" */ = {
			isa = XCConfigurationList;
			buildConfigurations = (
				D09EAAC01370DCC80052678B /* Debug */,
				D09EAAC11370DCC80052678B /* Release */,
			);
			defaultConfigurationIsVisible = 0;
			defaultConfigurationName = Release;
		};
/* End XCConfigurationList section */
	};
	rootObject = D09EAA7C1370DCC80052678B /* Project object */;
}
